
Microsoft Visual Studio Solution File, Format Version 12.00
# Visual Studio Version 17
VisualStudioVersion = 17.8.34330.188
MinimumVisualStudioVersion = 10.0.40219.1
Project("{2150E333-8FDC-42A3-9474-1A3956D46DE8}") = "Solution Items", "Solution Items", "{9FB091DE-C182-4BC9-AAF3-EA35E79111A1}"
	ProjectSection(SolutionItems) = preProject
		AppleMacMiniM2.md = AppleMacMiniM2.md
		AsusVivobook.md = AsusVivobook.md
		LenovoX1Carbon.md = LenovoX1Carbon.md
		Readme.md = Readme.md
		Surfium.md = Surfium.md
	EndProjectSection
EndProject
Project("{9A19103F-16F7-4668-BE54-9A1E7A4F7556}") = "DreamOn.SudokuSolver.Library", "DreamOn.SudokuSolver.Library\DreamOn.SudokuSolver.Library.csproj", "{75F259E1-72FC-4B3D-A32D-21EF8561BC0E}"
EndProject
Project("{9A19103F-16F7-4668-BE54-9A1E7A4F7556}") = "DreamOn.SudokuSolver.Console", "DreamOn.SudokuSolver.Console\DreamOn.SudokuSolver.Console.csproj", "{09C10CDB-AEC6-4797-8659-C3C84CBAB143}"
EndProject
Global
	GlobalSection(SolutionConfigurationPlatforms) = preSolution
		Debug|Any CPU = Debug|Any CPU
		Release|Any CPU = Release|Any CPU
	EndGlobalSection
	GlobalSection(ProjectConfigurationPlatforms) = postSolution
		{75F259E1-72FC-4B3D-A32D-21EF8561BC0E}.Debug|Any CPU.ActiveCfg = Debug|Any CPU
		{75F259E1-72FC-4B3D-A32D-21EF8561BC0E}.Debug|Any CPU.Build.0 = Debug|Any CPU
		{75F259E1-72FC-4B3D-A32D-21EF8561BC0E}.Release|Any CPU.ActiveCfg = Release|Any CPU
		{75F259E1-72FC-4B3D-A32D-21EF8561BC0E}.Release|Any CPU.Build.0 = Release|Any CPU
		{09C10CDB-AEC6-4797-8659-C3C84CBAB143}.Debug|Any CPU.ActiveCfg = Debug|Any CPU
		{09C10CDB-AEC6-4797-8659-C3C84CBAB143}.Debug|Any CPU.Build.0 = Debug|Any CPU
		{09C10CDB-AEC6-4797-8659-C3C84CBAB143}.Release|Any CPU.ActiveCfg = Release|Any CPU
		{09C10CDB-AEC6-4797-8659-C3C84CBAB143}.Release|Any CPU.Build.0 = Release|Any CPU
	EndGlobalSection
	GlobalSection(SolutionProperties) = preSolution
		HideSolutionNode = FALSE
	EndGlobalSection
	GlobalSection(ExtensibilityGlobals) = postSolution
		SolutionGuid = {3AB6A9DD-0FD0-4B79-AFEF-FCAE48509710}
	EndGlobalSection
EndGlobal
